
Microsoft Visual Studio Solution File, Format Version 12.00
# Visual Studio Version 18
VisualStudioVersion = 18.0.11222.15
MinimumVisualStudioVersion = 10.0.40219.1
Project("{2150E333-8FDC-42A3-9474-1A3956D46DE8}") = "src", "src", "{827E0CD3-B72D-47B6-A68D-7590B98EB39B}"
EndProject
Project("{FAE04EC0-301F-11D3-BF4B-00C04F79EFBC}") = "AiTextEditor.Lib", "src\AiTextEditor.Lib\AiTextEditor.Lib.csproj", "{721AE742-F4C0-433B-A4D0-E2CAA36DBBA1}"
EndProject
Project("{FAE04EC0-301F-11D3-BF4B-00C04F79EFBC}") = "AiTextEditor.Console", "src\AiTextEditor.Console\AiTextEditor.Console.csproj", "{F76C7FAC-DD34-463A-B629-1ABD4B028519}"
EndProject
Project("{2150E333-8FDC-42A3-9474-1A3956D46DE8}") = "tests", "tests", "{0AB3BF05-4346-4AA6-1389-037BE0695223}"
EndProject
Project("{FAE04EC0-301F-11D3-BF4B-00C04F79EFBC}") = "AiTextEditor.Domain.Tests", "tests\AiTextEditor.Domain.Tests\AiTextEditor.Domain.Tests.csproj", "{B3F54139-411D-4642-9A96-61BB30964BEA}"
EndProject
Project("{2150E333-8FDC-42A3-9474-1A3956D46DE8}") = "Samples", "Samples", "{5A1E427E-81FD-4461-9F0D-1666DA5386AF}"
	ProjectSection(SolutionItems) = preProject
		tests\Samples\neznayka_sample.md = tests\Samples\neznayka_sample.md
	EndProjectSection
EndProject
Project("{FAE04EC0-301F-11D3-BF4B-00C04F79EFBC}") = "AiTextEditor.SemanticKernel", "src\AiTextEditor.SemanticKernel\AiTextEditor.SemanticKernel.csproj", "{B508ED94-5838-4FAF-A742-9FA0A55B24DA}"
EndProject
Global
	GlobalSection(SolutionConfigurationPlatforms) = preSolution
		Debug|Any CPU = Debug|Any CPU
		Debug|x64 = Debug|x64
		Debug|x86 = Debug|x86
		Release|Any CPU = Release|Any CPU
		Release|x64 = Release|x64
		Release|x86 = Release|x86
	EndGlobalSection
	GlobalSection(ProjectConfigurationPlatforms) = postSolution
		{721AE742-F4C0-433B-A4D0-E2CAA36DBBA1}.Debug|Any CPU.ActiveCfg = Debug|Any CPU
		{721AE742-F4C0-433B-A4D0-E2CAA36DBBA1}.Debug|Any CPU.Build.0 = Debug|Any CPU
		{721AE742-F4C0-433B-A4D0-E2CAA36DBBA1}.Debug|x64.ActiveCfg = Debug|Any CPU
		{721AE742-F4C0-433B-A4D0-E2CAA36DBBA1}.Debug|x64.Build.0 = Debug|Any CPU
		{721AE742-F4C0-433B-A4D0-E2CAA36DBBA1}.Debug|x86.ActiveCfg = Debug|Any CPU
		{721AE742-F4C0-433B-A4D0-E2CAA36DBBA1}.Debug|x86.Build.0 = Debug|Any CPU
		{721AE742-F4C0-433B-A4D0-E2CAA36DBBA1}.Release|Any CPU.ActiveCfg = Release|Any CPU
		{721AE742-F4C0-433B-A4D0-E2CAA36DBBA1}.Release|Any CPU.Build.0 = Release|Any CPU
		{721AE742-F4C0-433B-A4D0-E2CAA36DBBA1}.Release|x64.ActiveCfg = Release|Any CPU
		{721AE742-F4C0-433B-A4D0-E2CAA36DBBA1}.Release|x64.Build.0 = Release|Any CPU
		{721AE742-F4C0-433B-A4D0-E2CAA36DBBA1}.Release|x86.ActiveCfg = Release|Any CPU
		{721AE742-F4C0-433B-A4D0-E2CAA36DBBA1}.Release|x86.Build.0 = Release|Any CPU
		{F76C7FAC-DD34-463A-B629-1ABD4B028519}.Debug|Any CPU.ActiveCfg = Debug|Any CPU
		{F76C7FAC-DD34-463A-B629-1ABD4B028519}.Debug|Any CPU.Build.0 = Debug|Any CPU
		{F76C7FAC-DD34-463A-B629-1ABD4B028519}.Debug|x64.ActiveCfg = Debug|Any CPU
		{F76C7FAC-DD34-463A-B629-1ABD4B028519}.Debug|x64.Build.0 = Debug|Any CPU
		{F76C7FAC-DD34-463A-B629-1ABD4B028519}.Debug|x86.ActiveCfg = Debug|Any CPU
		{F76C7FAC-DD34-463A-B629-1ABD4B028519}.Debug|x86.Build.0 = Debug|Any CPU
		{F76C7FAC-DD34-463A-B629-1ABD4B028519}.Release|Any CPU.ActiveCfg = Release|Any CPU
		{F76C7FAC-DD34-463A-B629-1ABD4B028519}.Release|Any CPU.Build.0 = Release|Any CPU
		{F76C7FAC-DD34-463A-B629-1ABD4B028519}.Release|x64.ActiveCfg = Release|Any CPU
		{F76C7FAC-DD34-463A-B629-1ABD4B028519}.Release|x64.Build.0 = Release|Any CPU
		{F76C7FAC-DD34-463A-B629-1ABD4B028519}.Release|x86.ActiveCfg = Release|Any CPU
		{F76C7FAC-DD34-463A-B629-1ABD4B028519}.Release|x86.Build.0 = Release|Any CPU
		{B3F54139-411D-4642-9A96-61BB30964BEA}.Debug|Any CPU.ActiveCfg = Debug|Any CPU
		{B3F54139-411D-4642-9A96-61BB30964BEA}.Debug|Any CPU.Build.0 = Debug|Any CPU
		{B3F54139-411D-4642-9A96-61BB30964BEA}.Debug|x64.ActiveCfg = Debug|Any CPU
		{B3F54139-411D-4642-9A96-61BB30964BEA}.Debug|x64.Build.0 = Debug|Any CPU
		{B3F54139-411D-4642-9A96-61BB30964BEA}.Debug|x86.ActiveCfg = Debug|Any CPU
		{B3F54139-411D-4642-9A96-61BB30964BEA}.Debug|x86.Build.0 = Debug|Any CPU
		{B3F54139-411D-4642-9A96-61BB30964BEA}.Release|Any CPU.ActiveCfg = Release|Any CPU
		{B3F54139-411D-4642-9A96-61BB30964BEA}.Release|Any CPU.Build.0 = Release|Any CPU
		{B3F54139-411D-4642-9A96-61BB30964BEA}.Release|x64.ActiveCfg = Release|Any CPU
		{B3F54139-411D-4642-9A96-61BB30964BEA}.Release|x64.Build.0 = Release|Any CPU
		{B3F54139-411D-4642-9A96-61BB30964BEA}.Release|x86.ActiveCfg = Release|Any CPU
		{B3F54139-411D-4642-9A96-61BB30964BEA}.Release|x86.Build.0 = Release|Any CPU
		{B508ED94-5838-4FAF-A742-9FA0A55B24DA}.Debug|Any CPU.ActiveCfg = Debug|Any CPU
		{B508ED94-5838-4FAF-A742-9FA0A55B24DA}.Debug|Any CPU.Build.0 = Debug|Any CPU
		{B508ED94-5838-4FAF-A742-9FA0A55B24DA}.Debug|x64.ActiveCfg = Debug|Any CPU
		{B508ED94-5838-4FAF-A742-9FA0A55B24DA}.Debug|x64.Build.0 = Debug|Any CPU
		{B508ED94-5838-4FAF-A742-9FA0A55B24DA}.Debug|x86.ActiveCfg = Debug|Any CPU
		{B508ED94-5838-4FAF-A742-9FA0A55B24DA}.Debug|x86.Build.0 = Debug|Any CPU
		{B508ED94-5838-4FAF-A742-9FA0A55B24DA}.Release|Any CPU.ActiveCfg = Release|Any CPU
		{B508ED94-5838-4FAF-A742-9FA0A55B24DA}.Release|Any CPU.Build.0 = Release|Any CPU
		{B508ED94-5838-4FAF-A742-9FA0A55B24DA}.Release|x64.ActiveCfg = Release|Any CPU
		{B508ED94-5838-4FAF-A742-9FA0A55B24DA}.Release|x64.Build.0 = Release|Any CPU
		{B508ED94-5838-4FAF-A742-9FA0A55B24DA}.Release|x86.ActiveCfg = Release|Any CPU
		{B508ED94-5838-4FAF-A742-9FA0A55B24DA}.Release|x86.Build.0 = Release|Any CPU
	EndGlobalSection
	GlobalSection(SolutionProperties) = preSolution
		HideSolutionNode = FALSE
	EndGlobalSection
	GlobalSection(NestedProjects) = preSolution
		{B508ED94-5838-4FAF-A742-9FA0A55B24DA} = {827E0CD3-B72D-47B6-A68D-7590B98EB39B}
	EndGlobalSection
EndGlobal
